
Microsoft Visual Studio Solution File, Format Version 12.00
# Visual Studio 15
VisualStudioVersion = 15.0.27428.2027
MinimumVisualStudioVersion = 10.0.40219.1
Project("{FAE04EC0-301F-11D3-BF4B-00C04F79EFBC}") = "PlaynitePluginExample", "PlaynitePluginExample.csproj", "{BAB169D3-C87D-4C53-A1DB-39A822D9E50C}"
EndProject
Global
	GlobalSection(SolutionConfigurationPlatforms) = preSolution
		Debug|Any CPU = Debug|Any CPU
		Release|Any CPU = Release|Any CPU
	EndGlobalSection
	GlobalSection(ProjectConfigurationPlatforms) = postSolution
		{BAB169D3-C87D-4C53-A1DB-39A822D9E50C}.Debug|Any CPU.ActiveCfg = Debug|Any CPU
		{BAB169D3-C87D-4C53-A1DB-39A822D9E50C}.Debug|Any CPU.Build.0 = Debug|Any CPU
		{BAB169D3-C87D-4C53-A1DB-39A822D9E50C}.Release|Any CPU.ActiveCfg = Release|Any CPU
		{BAB169D3-C87D-4C53-A1DB-39A822D9E50C}.Release|Any CPU.Build.0 = Release|Any CPU
	EndGlobalSection
	GlobalSection(SolutionProperties) = preSolution
		HideSolutionNode = FALSE
	EndGlobalSection
	GlobalSection(ExtensibilityGlobals) = postSolution
		SolutionGuid = {553F31F8-E0C0-4B60-A508-9D08BC749BDC}
	EndGlobalSection
EndGlobal
