
Microsoft Visual Studio Solution File, Format Version 12.00
# Visual Studio 15
VisualStudioVersion = 15.0.27703.2026
MinimumVisualStudioVersion = 10.0.40219.1
Project("{FAE04EC0-301F-11D3-BF4B-00C04F79EFBC}") = "TestPluginNuget", "TestPluginNuget.csproj", "{33208479-213F-493F-B43C-FC2CEC311FF6}"
EndProject
Global
	GlobalSection(SolutionConfigurationPlatforms) = preSolution
		Debug|Any CPU = Debug|Any CPU
		Release|Any CPU = Release|Any CPU
	EndGlobalSection
	GlobalSection(ProjectConfigurationPlatforms) = postSolution
		{33208479-213F-493F-B43C-FC2CEC311FF6}.Debug|Any CPU.ActiveCfg = Debug|Any CPU
		{33208479-213F-493F-B43C-FC2CEC311FF6}.Debug|Any CPU.Build.0 = Debug|Any CPU
		{33208479-213F-493F-B43C-FC2CEC311FF6}.Release|Any CPU.ActiveCfg = Release|Any CPU
		{33208479-213F-493F-B43C-FC2CEC311FF6}.Release|Any CPU.Build.0 = Release|Any CPU
	EndGlobalSection
	GlobalSection(SolutionProperties) = preSolution
		HideSolutionNode = FALSE
	EndGlobalSection
	GlobalSection(ExtensibilityGlobals) = postSolution
		SolutionGuid = {F6C3D297-FB51-458D-B55A-74773BC5B3AE}
	EndGlobalSection
EndGlobal
