
Microsoft Visual Studio Solution File, Format Version 12.00
# Visual Studio 15
VisualStudioVersion = 15.0.28307.539
MinimumVisualStudioVersion = 10.0.40219.1
Project("{FAE04EC0-301F-11D3-BF4B-00C04F79EFBC}") = "Theme", "Theme.csproj", "{DEFEF902-318F-4568-AEDB-4F681A2D1D9B}"
EndProject
Global
	GlobalSection(SolutionConfigurationPlatforms) = preSolution
		Debug|Any CPU = Debug|Any CPU
		Release|Any CPU = Release|Any CPU
	EndGlobalSection
	GlobalSection(ProjectConfigurationPlatforms) = postSolution
		{DEFEF902-318F-4568-AEDB-4F681A2D1D9B}.Debug|Any CPU.ActiveCfg = Debug|Any CPU
		{DEFEF902-318F-4568-AEDB-4F681A2D1D9B}.Debug|Any CPU.Build.0 = Debug|Any CPU
		{DEFEF902-318F-4568-AEDB-4F681A2D1D9B}.Release|Any CPU.ActiveCfg = Release|Any CPU
		{DEFEF902-318F-4568-AEDB-4F681A2D1D9B}.Release|Any CPU.Build.0 = Release|Any CPU
	EndGlobalSection
	GlobalSection(SolutionProperties) = preSolution
		HideSolutionNode = FALSE
	EndGlobalSection
	GlobalSection(ExtensibilityGlobals) = postSolution
		SolutionGuid = {EF4E8A61-70F4-467A-BFAC-34758533A904}
	EndGlobalSection
EndGlobal
