
Microsoft Visual Studio Solution File, Format Version 12.00
# Visual Studio 15
VisualStudioVersion = 15.0.27004.2009
MinimumVisualStudioVersion = 10.0.40219.1
Project("{9A19103F-16F7-4668-BE54-9A1E7A4F7556}") = "PlayniteServices", "PlayniteServices\PlayniteServices.csproj", "{B085B41D-EF4B-48B9-B378-F8E213B0A529}"
EndProject
Project("{FAE04EC0-301F-11D3-BF4B-00C04F79EFBC}") = "Playnite.SDK", "PlayniteSDK\Playnite.SDK.csproj", "{19BC9097-5705-4352-90E2-99F0C63230D0}"
EndProject
Project("{9A19103F-16F7-4668-BE54-9A1E7A4F7556}") = "PlayniteServices.Tests", "PlayniteServices.Tests\PlayniteServices.Tests.csproj", "{D01EE9EF-6669-4055-976B-ED434E0CDDC7}"
EndProject
Global
	GlobalSection(SolutionConfigurationPlatforms) = preSolution
		Debug|Any CPU = Debug|Any CPU
		Release|Any CPU = Release|Any CPU
	EndGlobalSection
	GlobalSection(ProjectConfigurationPlatforms) = postSolution
		{B085B41D-EF4B-48B9-B378-F8E213B0A529}.Debug|Any CPU.ActiveCfg = Debug|Any CPU
		{B085B41D-EF4B-48B9-B378-F8E213B0A529}.Debug|Any CPU.Build.0 = Debug|Any CPU
		{B085B41D-EF4B-48B9-B378-F8E213B0A529}.Release|Any CPU.ActiveCfg = Release|Any CPU
		{B085B41D-EF4B-48B9-B378-F8E213B0A529}.Release|Any CPU.Build.0 = Release|Any CPU
		{19BC9097-5705-4352-90E2-99F0C63230D0}.Debug|Any CPU.ActiveCfg = Debug|Any CPU
		{19BC9097-5705-4352-90E2-99F0C63230D0}.Debug|Any CPU.Build.0 = Debug|Any CPU
		{19BC9097-5705-4352-90E2-99F0C63230D0}.Release|Any CPU.ActiveCfg = Release|Any CPU
		{19BC9097-5705-4352-90E2-99F0C63230D0}.Release|Any CPU.Build.0 = Release|Any CPU
		{D01EE9EF-6669-4055-976B-ED434E0CDDC7}.Debug|Any CPU.ActiveCfg = Debug|Any CPU
		{D01EE9EF-6669-4055-976B-ED434E0CDDC7}.Debug|Any CPU.Build.0 = Debug|Any CPU
		{D01EE9EF-6669-4055-976B-ED434E0CDDC7}.Release|Any CPU.ActiveCfg = Release|Any CPU
		{D01EE9EF-6669-4055-976B-ED434E0CDDC7}.Release|Any CPU.Build.0 = Release|Any CPU
	EndGlobalSection
	GlobalSection(SolutionProperties) = preSolution
		HideSolutionNode = FALSE
	EndGlobalSection
	GlobalSection(ExtensibilityGlobals) = postSolution
		SolutionGuid = {4CD695FE-51B8-414E-96FB-921491ADF2E0}
	EndGlobalSection
EndGlobal
