
Microsoft Visual Studio Solution File, Format Version 12.00
# Visual Studio 15
VisualStudioVersion = 15.0.27004.2010
MinimumVisualStudioVersion = 10.0.40219.1
Project("{2150E333-8FDC-42A3-9474-1A3956D46DE8}") = "Tests", "Tests", "{FBE3E4C8-611E-435D-B47C-FE006AAA8C4A}"
EndProject
Project("{FAE04EC0-301F-11D3-BF4B-00C04F79EFBC}") = "Playnite", "Playnite\Playnite.csproj", "{AD271E73-8A13-4C4E-BFDC-3076646B59E3}"
EndProject
Project("{FAE04EC0-301F-11D3-BF4B-00C04F79EFBC}") = "Playnite.SDK", "PlayniteSDK\Playnite.SDK.csproj", "{19BC9097-5705-4352-90E2-99F0C63230D0}"
EndProject
Project("{2150E333-8FDC-42A3-9474-1A3956D46DE8}") = "Tools", "Tools", "{214A3A6E-C961-405E-8F5E-96314B672CF2}"
EndProject
Project("{FAE04EC0-301F-11D3-BF4B-00C04F79EFBC}") = "PlayniteInstaller", "Tools\PlayniteInstaller\PlayniteInstaller.csproj", "{62DDB6BD-36D1-42C1-BA38-6C7550EA366E}"
EndProject
Project("{2150E333-8FDC-42A3-9474-1A3956D46DE8}") = "Plugins", "Plugins", "{799A52BB-1932-4CAB-B4DD-B3F3146756E3}"
EndProject
Project("{2150E333-8FDC-42A3-9474-1A3956D46DE8}") = "SteamLibrary", "SteamLibrary", "{EF71DAD8-1951-4E2D-8B02-4896F0164539}"
EndProject
Project("{FAE04EC0-301F-11D3-BF4B-00C04F79EFBC}") = "SteamLibrary", "Plugins\SteamLibrary\SteamLibrary.csproj", "{0A13CBC8-ECD4-4B9F-961E-E6462F7D2DC0}"
EndProject
Project("{FAE04EC0-301F-11D3-BF4B-00C04F79EFBC}") = "SteamLibrary.Tests", "Plugins\SteamLibrary.Tests\SteamLibrary.Tests.csproj", "{D43257A7-488F-471A-83D1-BD5F9FD0E8DE}"
EndProject
Project("{FAE04EC0-301F-11D3-BF4B-00C04F79EFBC}") = "TestGameLibrary", "Tests\TestGameLibrary\TestGameLibrary.csproj", "{DB0E5B51-2960-4869-899D-5E0C65A697A6}"
EndProject
Project("{FAE04EC0-301F-11D3-BF4B-00C04F79EFBC}") = "Playnite.Common", "Playnite.Common\Playnite.Common.csproj", "{DEB1B9F3-6FC9-4185-8DAA-4FCA15B46F83}"
EndProject
Project("{2150E333-8FDC-42A3-9474-1A3956D46DE8}") = "GogLibrary", "GogLibrary", "{DDA8593D-EF57-47BE-8165-4BD80C51E5D5}"
EndProject
Project("{FAE04EC0-301F-11D3-BF4B-00C04F79EFBC}") = "GogLibrary", "Plugins\GogLibrary\GogLibrary.csproj", "{2E4F6F47-C3AC-4650-936A-09E675B9B3B3}"
EndProject
Project("{FAE04EC0-301F-11D3-BF4B-00C04F79EFBC}") = "TestPlugin", "Tests\TestPlugin\TestPlugin.csproj", "{AFE32BF4-E669-4E3F-8363-1D32BEB158F6}"
EndProject
Project("{2150E333-8FDC-42A3-9474-1A3956D46DE8}") = "LibraryExporter", "LibraryExporter", "{EDD5E5EF-5115-42FF-8C8B-F664A08FC52B}"
	ProjectSection(SolutionItems) = preProject
		Plugins\LibraryExporter\extension.yaml = Plugins\LibraryExporter\extension.yaml
		Plugins\LibraryExporter\LibraryExporter.ps1 = Plugins\LibraryExporter\LibraryExporter.ps1
	EndProjectSection
EndProject
Project("{2150E333-8FDC-42A3-9474-1A3956D46DE8}") = "OriginLibrary", "OriginLibrary", "{AD72E6CE-B2C2-46B0-8B3D-4E7318EABA92}"
EndProject
Project("{FAE04EC0-301F-11D3-BF4B-00C04F79EFBC}") = "OriginLibrary", "Plugins\OriginLibrary\OriginLibrary.csproj", "{D0EFC813-C836-4167-A120-2DE785E140A1}"
EndProject
Project("{2150E333-8FDC-42A3-9474-1A3956D46DE8}") = "BattleNetLibrary", "BattleNetLibrary", "{58C28E49-CFD2-4D97-BA44-BCCDF957D8E6}"
EndProject
Project("{FAE04EC0-301F-11D3-BF4B-00C04F79EFBC}") = "BattleNetLibrary", "Plugins\BattleNetLibrary\BattleNetLibrary.csproj", "{E74F843D-39EF-409A-B3FB-341F486A4F97}"
EndProject
Project("{2150E333-8FDC-42A3-9474-1A3956D46DE8}") = "UplayLibrary", "UplayLibrary", "{7C946C4C-9764-4815-B532-4C15EECAB1E8}"
EndProject
Project("{FAE04EC0-301F-11D3-BF4B-00C04F79EFBC}") = "UplayLibrary", "Plugins\UplayLibrary\UplayLibrary.csproj", "{7DC1512C-5C82-434B-9675-12AD94B74C56}"
EndProject
Project("{FAE04EC0-301F-11D3-BF4B-00C04F79EFBC}") = "GogLibrary.Tests", "Plugins\GogLibrary.Tests\GogLibrary.Tests.csproj", "{A850A236-0216-4B31-879A-33556B952336}"
EndProject
Project("{FAE04EC0-301F-11D3-BF4B-00C04F79EFBC}") = "BattleNetLibrary.Tests", "Plugins\BattleNetLibrary.Tests\BattleNetLibrary.Tests.csproj", "{80987402-3D46-444E-8290-505B10D6BB14}"
EndProject
Project("{FAE04EC0-301F-11D3-BF4B-00C04F79EFBC}") = "OriginLibrary.Tests", "Plugins\OriginLibrary.Tests\OriginLibrary.Tests.csproj", "{CC048B24-8130-4194-ADB4-8983E18ACFF2}"
EndProject
Project("{FAE04EC0-301F-11D3-BF4B-00C04F79EFBC}") = "UplayLibrary.Tests", "Plugins\UplayLibrary.Tests\UplayLibrary.Tests.csproj", "{AF1C50CD-8868-4155-B4CF-EE37824A63C0}"
EndProject
Project("{2150E333-8FDC-42A3-9474-1A3956D46DE8}") = "TwitchLibrary", "TwitchLibrary", "{6B4C18DC-E8C5-421D-8C4E-41EFDD2827AC}"
EndProject
Project("{FAE04EC0-301F-11D3-BF4B-00C04F79EFBC}") = "TwitchLibrary", "Plugins\TwitchLibrary\TwitchLibrary.csproj", "{4DFC5BF7-DCF5-4C69-B0C2-1E760FCFBEC4}"
EndProject
Project("{FAE04EC0-301F-11D3-BF4B-00C04F79EFBC}") = "TwitchLibrary.Tests", "Plugins\TwitchLibrary.Tests\TwitchLibrary.Tests.csproj", "{148EF9FB-1414-461C-96AF-1299AFC5E5A4}"
EndProject
Project("{2150E333-8FDC-42A3-9474-1A3956D46DE8}") = "BethesdaLibrary", "BethesdaLibrary", "{1EB514C1-C5F5-4692-BDE5-74EF959F39B8}"
EndProject
Project("{FAE04EC0-301F-11D3-BF4B-00C04F79EFBC}") = "BethesdaLibrary", "Plugins\BethesdaLibrary\BethesdaLibrary.csproj", "{5C2250D7-7623-414A-B68A-4754F311DF7D}"
EndProject
Project("{FAE04EC0-301F-11D3-BF4B-00C04F79EFBC}") = "BethesdaLibrary.Tests", "Plugins\BethesdaLibrary.Tests\BethesdaLibrary.Tests.csproj", "{01051E5D-11FC-493E-BEC0-D76A60DCC76B}"
EndProject
Project("{2150E333-8FDC-42A3-9474-1A3956D46DE8}") = "EpicLibrary", "EpicLibrary", "{A55A55BB-F795-41BC-8A58-D683F3EFAAEB}"
EndProject
Project("{FAE04EC0-301F-11D3-BF4B-00C04F79EFBC}") = "EpicLibrary", "Plugins\EpicLibrary\EpicLibrary.csproj", "{2FD110FE-F936-4768-AE66-55EC7A60989A}"
EndProject
Project("{2150E333-8FDC-42A3-9474-1A3956D46DE8}") = "ItchioLibrary", "ItchioLibrary", "{A0395075-9ABE-40FD-94FB-F5C8541D08C4}"
EndProject
Project("{FAE04EC0-301F-11D3-BF4B-00C04F79EFBC}") = "ItchioLibrary", "Plugins\ItchioLibrary\ItchioLibrary.csproj", "{27A6E49E-F769-4709-8B43-FF60B8A882BE}"
EndProject
Project("{FAE04EC0-301F-11D3-BF4B-00C04F79EFBC}") = "ItchioLibrary.Tests", "Plugins\ItchioLibrary.Tests\ItchioLibrary.Tests.csproj", "{8611E15B-4EFB-4A2C-B7A9-F88AEA9720A0}"
EndProject
Project("{FAE04EC0-301F-11D3-BF4B-00C04F79EFBC}") = "Playnite.DesktopApp", "Playnite.DesktopApp\Playnite.DesktopApp.csproj", "{26DCC539-E67F-4CB5-970F-F02C1F5C6E00}"
	ProjectSection(ProjectDependencies) = postProject
		{D0EFC813-C836-4167-A120-2DE785E140A1} = {D0EFC813-C836-4167-A120-2DE785E140A1}
		{7DC1512C-5C82-434B-9675-12AD94B74C56} = {7DC1512C-5C82-434B-9675-12AD94B74C56}
		{E74F843D-39EF-409A-B3FB-341F486A4F97} = {E74F843D-39EF-409A-B3FB-341F486A4F97}
		{2E4F6F47-C3AC-4650-936A-09E675B9B3B3} = {2E4F6F47-C3AC-4650-936A-09E675B9B3B3}
		{06BF876E-7083-4CC3-A117-23B2C577CE26} = {06BF876E-7083-4CC3-A117-23B2C577CE26}
		{75BE5285-6C7C-48FD-A88A-DF1F51B4E955} = {75BE5285-6C7C-48FD-A88A-DF1F51B4E955}
		{27A6E49E-F769-4709-8B43-FF60B8A882BE} = {27A6E49E-F769-4709-8B43-FF60B8A882BE}
		{108638B7-D926-4311-9249-651A1CCAA742} = {108638B7-D926-4311-9249-651A1CCAA742}
		{2351B5C1-6E28-4B79-A1D9-90FDA53B5417} = {2351B5C1-6E28-4B79-A1D9-90FDA53B5417}
		{0A13CBC8-ECD4-4B9F-961E-E6462F7D2DC0} = {0A13CBC8-ECD4-4B9F-961E-E6462F7D2DC0}
		{5C2250D7-7623-414A-B68A-4754F311DF7D} = {5C2250D7-7623-414A-B68A-4754F311DF7D}
		{4DFC5BF7-DCF5-4C69-B0C2-1E760FCFBEC4} = {4DFC5BF7-DCF5-4C69-B0C2-1E760FCFBEC4}
		{2FD110FE-F936-4768-AE66-55EC7A60989A} = {2FD110FE-F936-4768-AE66-55EC7A60989A}
	EndProjectSection
EndProject
Project("{FAE04EC0-301F-11D3-BF4B-00C04F79EFBC}") = "Playnite.FullscreenApp", "Playnite.FullscreenApp\Playnite.FullscreenApp.csproj", "{DF38BFD7-C6B8-4CF7-942F-378548ED76B6}"
	ProjectSection(ProjectDependencies) = postProject
		{D0EFC813-C836-4167-A120-2DE785E140A1} = {D0EFC813-C836-4167-A120-2DE785E140A1}
		{7DC1512C-5C82-434B-9675-12AD94B74C56} = {7DC1512C-5C82-434B-9675-12AD94B74C56}
		{E74F843D-39EF-409A-B3FB-341F486A4F97} = {E74F843D-39EF-409A-B3FB-341F486A4F97}
		{2E4F6F47-C3AC-4650-936A-09E675B9B3B3} = {2E4F6F47-C3AC-4650-936A-09E675B9B3B3}
		{06BF876E-7083-4CC3-A117-23B2C577CE26} = {06BF876E-7083-4CC3-A117-23B2C577CE26}
		{75BE5285-6C7C-48FD-A88A-DF1F51B4E955} = {75BE5285-6C7C-48FD-A88A-DF1F51B4E955}
		{27A6E49E-F769-4709-8B43-FF60B8A882BE} = {27A6E49E-F769-4709-8B43-FF60B8A882BE}
		{108638B7-D926-4311-9249-651A1CCAA742} = {108638B7-D926-4311-9249-651A1CCAA742}
		{2351B5C1-6E28-4B79-A1D9-90FDA53B5417} = {2351B5C1-6E28-4B79-A1D9-90FDA53B5417}
		{0A13CBC8-ECD4-4B9F-961E-E6462F7D2DC0} = {0A13CBC8-ECD4-4B9F-961E-E6462F7D2DC0}
		{5C2250D7-7623-414A-B68A-4754F311DF7D} = {5C2250D7-7623-414A-B68A-4754F311DF7D}
		{4DFC5BF7-DCF5-4C69-B0C2-1E760FCFBEC4} = {4DFC5BF7-DCF5-4C69-B0C2-1E760FCFBEC4}
		{2FD110FE-F936-4768-AE66-55EC7A60989A} = {2FD110FE-F936-4768-AE66-55EC7A60989A}
	EndProjectSection
EndProject
Project("{FAE04EC0-301F-11D3-BF4B-00C04F79EFBC}") = "Playnite.Tests", "Tests\Playnite.Tests\Playnite.Tests.csproj", "{F15B7D48-7F9C-406A-825C-B47BB9A5BF4B}"
	ProjectSection(ProjectDependencies) = postProject
		{DB0E5B51-2960-4869-899D-5E0C65A697A6} = {DB0E5B51-2960-4869-899D-5E0C65A697A6}
		{AFE32BF4-E669-4E3F-8363-1D32BEB158F6} = {AFE32BF4-E669-4E3F-8363-1D32BEB158F6}
	EndProjectSection
EndProject
Project("{FAE04EC0-301F-11D3-BF4B-00C04F79EFBC}") = "Playnite.DesktopApp.Tests", "Tests\Playnite.DesktopApp.Tests\Playnite.DesktopApp.Tests.csproj", "{CAA480E1-7AB2-4DA9-980F-6F935AB7FA69}"
EndProject
Project("{FAE04EC0-301F-11D3-BF4B-00C04F79EFBC}") = "EpicLibrary.Tests", "Plugins\EpicLibrary.Tests\EpicLibrary.Tests.csproj", "{DD58A297-6C39-4F47-B3FE-F04B307420FA}"
EndProject
Project("{FAE04EC0-301F-11D3-BF4B-00C04F79EFBC}") = "Playnite.FullscreenApp.Tests", "Tests\Playnite.FullscreenApp.Tests\Playnite.FullscreenApp.Tests.csproj", "{AEDEC1D7-8C49-4A54-B265-F595CFD89247}"
EndProject
Project("{FAE04EC0-301F-11D3-BF4B-00C04F79EFBC}") = "Playnite.UIWrapper", "Tools\Playnite.UIWrapper\Playnite.UIWrapper.csproj", "{445DC787-06EC-4407-892F-0955ADD5C2D7}"
EndProject
Project("{FAE04EC0-301F-11D3-BF4B-00C04F79EFBC}") = "Playnite.Toolbox", "Tools\Playnite.Toolbox\Playnite.Toolbox.csproj", "{9C73C47E-64C2-4691-A602-A8463185E232}"
EndProject
Project("{FAE04EC0-301F-11D3-BF4B-00C04F79EFBC}") = "Playnite.Toolbox.Tests", "Tests\Playnite.Toolbox.Tests\Playnite.Toolbox.Tests.csproj", "{256026D4-A05D-438C-BD11-2D3FBADB2B4C}"
EndProject
Project("{2150E333-8FDC-42A3-9474-1A3956D46DE8}") = "IGDBMetadata", "IGDBMetadata", "{827FB2CD-DE81-49FD-88D5-A92A70D8B599}"
EndProject
Project("{FAE04EC0-301F-11D3-BF4B-00C04F79EFBC}") = "IGDBMetadata", "Plugins\IGDBMetadata\IGDBMetadata.csproj", "{75BE5285-6C7C-48FD-A88A-DF1F51B4E955}"
EndProject
Project("{FAE04EC0-301F-11D3-BF4B-00C04F79EFBC}") = "IGDBMetadata.Tests", "Plugins\IGDBMetadata.Tests\IGDBMetadata.Tests.csproj", "{F96A8CCA-8F8A-497F-BAB1-8A93B4B174ED}"
EndProject
Project("{2150E333-8FDC-42A3-9474-1A3956D46DE8}") = "HumbleLibrary", "HumbleLibrary", "{B3153124-6718-4479-8D00-C56B6DB0E767}"
EndProject
Project("{FAE04EC0-301F-11D3-BF4B-00C04F79EFBC}") = "HumbleLibrary", "Plugins\HumbleLibrary\HumbleLibrary.csproj", "{2351B5C1-6E28-4B79-A1D9-90FDA53B5417}"
EndProject
Project("{FAE04EC0-301F-11D3-BF4B-00C04F79EFBC}") = "HumbleLibrary.Tests", "Plugins\HumbleLibrary.Tests\HumbleLibrary.Tests.csproj", "{AD86AABC-0F57-4FCD-A3D9-B124C7B18A44}"
EndProject
Project("{2150E333-8FDC-42A3-9474-1A3956D46DE8}") = "XboxLibrary", "XboxLibrary", "{74A19EDC-2256-4F25-8539-781061759B15}"
EndProject
Project("{FAE04EC0-301F-11D3-BF4B-00C04F79EFBC}") = "XboxLibrary", "Plugins\XboxLibrary\XboxLibrary.csproj", "{108638B7-D926-4311-9249-651A1CCAA742}"
EndProject
Project("{FAE04EC0-301F-11D3-BF4B-00C04F79EFBC}") = "XboxLibrary.Tests", "Plugins\XboxLibrary.Tests\XboxLibrary.Tests.csproj", "{16D306FD-8158-41AD-9ADB-765F8F6D3A3B}"
EndProject
Project("{2150E333-8FDC-42A3-9474-1A3956D46DE8}") = "AmazonGamesLibrary", "AmazonGamesLibrary", "{B28CD5FD-E691-461F-A985-A65484F9B821}"
EndProject
Project("{FAE04EC0-301F-11D3-BF4B-00C04F79EFBC}") = "AmazonGamesLibrary", "Plugins\AmazonGamesLibrary\AmazonGamesLibrary.csproj", "{06BF876E-7083-4CC3-A117-23B2C577CE26}"
EndProject
Global
	GlobalSection(SolutionConfigurationPlatforms) = preSolution
		Debug|Any CPU = Debug|Any CPU
		Debug|x86 = Debug|x86
		Release|Any CPU = Release|Any CPU
		Release|x86 = Release|x86
	EndGlobalSection
	GlobalSection(ProjectConfigurationPlatforms) = postSolution
		{AD271E73-8A13-4C4E-BFDC-3076646B59E3}.Debug|Any CPU.ActiveCfg = Debug|x86
		{AD271E73-8A13-4C4E-BFDC-3076646B59E3}.Debug|x86.ActiveCfg = Debug|x86
		{AD271E73-8A13-4C4E-BFDC-3076646B59E3}.Debug|x86.Build.0 = Debug|x86
		{AD271E73-8A13-4C4E-BFDC-3076646B59E3}.Release|Any CPU.ActiveCfg = Release|x86
		{AD271E73-8A13-4C4E-BFDC-3076646B59E3}.Release|x86.ActiveCfg = Release|x86
		{AD271E73-8A13-4C4E-BFDC-3076646B59E3}.Release|x86.Build.0 = Release|x86
		{19BC9097-5705-4352-90E2-99F0C63230D0}.Debug|Any CPU.ActiveCfg = Debug|Any CPU
		{19BC9097-5705-4352-90E2-99F0C63230D0}.Debug|Any CPU.Build.0 = Debug|Any CPU
		{19BC9097-5705-4352-90E2-99F0C63230D0}.Debug|x86.ActiveCfg = Debug|Any CPU
		{19BC9097-5705-4352-90E2-99F0C63230D0}.Debug|x86.Build.0 = Debug|Any CPU
		{19BC9097-5705-4352-90E2-99F0C63230D0}.Release|Any CPU.ActiveCfg = Release|Any CPU
		{19BC9097-5705-4352-90E2-99F0C63230D0}.Release|Any CPU.Build.0 = Release|Any CPU
		{19BC9097-5705-4352-90E2-99F0C63230D0}.Release|x86.ActiveCfg = Release|Any CPU
		{19BC9097-5705-4352-90E2-99F0C63230D0}.Release|x86.Build.0 = Release|Any CPU
		{62DDB6BD-36D1-42C1-BA38-6C7550EA366E}.Debug|Any CPU.ActiveCfg = Debug|Any CPU
		{62DDB6BD-36D1-42C1-BA38-6C7550EA366E}.Debug|x86.ActiveCfg = Debug|Any CPU
		{62DDB6BD-36D1-42C1-BA38-6C7550EA366E}.Debug|x86.Build.0 = Debug|Any CPU
		{62DDB6BD-36D1-42C1-BA38-6C7550EA366E}.Release|Any CPU.ActiveCfg = Release|Any CPU
		{62DDB6BD-36D1-42C1-BA38-6C7550EA366E}.Release|x86.ActiveCfg = Release|Any CPU
		{62DDB6BD-36D1-42C1-BA38-6C7550EA366E}.Release|x86.Build.0 = Release|Any CPU
		{0A13CBC8-ECD4-4B9F-961E-E6462F7D2DC0}.Debug|Any CPU.ActiveCfg = Debug|Any CPU
		{0A13CBC8-ECD4-4B9F-961E-E6462F7D2DC0}.Debug|Any CPU.Build.0 = Debug|Any CPU
		{0A13CBC8-ECD4-4B9F-961E-E6462F7D2DC0}.Debug|x86.ActiveCfg = Debug|Any CPU
		{0A13CBC8-ECD4-4B9F-961E-E6462F7D2DC0}.Debug|x86.Build.0 = Debug|Any CPU
		{0A13CBC8-ECD4-4B9F-961E-E6462F7D2DC0}.Release|Any CPU.ActiveCfg = Release|Any CPU
		{0A13CBC8-ECD4-4B9F-961E-E6462F7D2DC0}.Release|Any CPU.Build.0 = Release|Any CPU
		{0A13CBC8-ECD4-4B9F-961E-E6462F7D2DC0}.Release|x86.ActiveCfg = Release|Any CPU
		{0A13CBC8-ECD4-4B9F-961E-E6462F7D2DC0}.Release|x86.Build.0 = Release|Any CPU
		{D43257A7-488F-471A-83D1-BD5F9FD0E8DE}.Debug|Any CPU.ActiveCfg = Debug|Any CPU
		{D43257A7-488F-471A-83D1-BD5F9FD0E8DE}.Debug|Any CPU.Build.0 = Debug|Any CPU
		{D43257A7-488F-471A-83D1-BD5F9FD0E8DE}.Debug|x86.ActiveCfg = Debug|x86
		{D43257A7-488F-471A-83D1-BD5F9FD0E8DE}.Debug|x86.Build.0 = Debug|x86
		{D43257A7-488F-471A-83D1-BD5F9FD0E8DE}.Release|Any CPU.ActiveCfg = Release|Any CPU
		{D43257A7-488F-471A-83D1-BD5F9FD0E8DE}.Release|Any CPU.Build.0 = Release|Any CPU
		{D43257A7-488F-471A-83D1-BD5F9FD0E8DE}.Release|x86.ActiveCfg = Release|Any CPU
		{D43257A7-488F-471A-83D1-BD5F9FD0E8DE}.Release|x86.Build.0 = Release|Any CPU
		{DB0E5B51-2960-4869-899D-5E0C65A697A6}.Debug|Any CPU.ActiveCfg = Debug|Any CPU
		{DB0E5B51-2960-4869-899D-5E0C65A697A6}.Debug|Any CPU.Build.0 = Debug|Any CPU
		{DB0E5B51-2960-4869-899D-5E0C65A697A6}.Debug|x86.ActiveCfg = Debug|Any CPU
		{DB0E5B51-2960-4869-899D-5E0C65A697A6}.Debug|x86.Build.0 = Debug|Any CPU
		{DB0E5B51-2960-4869-899D-5E0C65A697A6}.Release|Any CPU.ActiveCfg = Release|Any CPU
		{DB0E5B51-2960-4869-899D-5E0C65A697A6}.Release|Any CPU.Build.0 = Release|Any CPU
		{DB0E5B51-2960-4869-899D-5E0C65A697A6}.Release|x86.ActiveCfg = Release|Any CPU
		{DB0E5B51-2960-4869-899D-5E0C65A697A6}.Release|x86.Build.0 = Release|Any CPU
		{DEB1B9F3-6FC9-4185-8DAA-4FCA15B46F83}.Debug|Any CPU.ActiveCfg = Debug|Any CPU
		{DEB1B9F3-6FC9-4185-8DAA-4FCA15B46F83}.Debug|Any CPU.Build.0 = Debug|Any CPU
		{DEB1B9F3-6FC9-4185-8DAA-4FCA15B46F83}.Debug|x86.ActiveCfg = Debug|Any CPU
		{DEB1B9F3-6FC9-4185-8DAA-4FCA15B46F83}.Debug|x86.Build.0 = Debug|Any CPU
		{DEB1B9F3-6FC9-4185-8DAA-4FCA15B46F83}.Release|Any CPU.ActiveCfg = Release|Any CPU
		{DEB1B9F3-6FC9-4185-8DAA-4FCA15B46F83}.Release|Any CPU.Build.0 = Release|Any CPU
		{DEB1B9F3-6FC9-4185-8DAA-4FCA15B46F83}.Release|x86.ActiveCfg = Release|Any CPU
		{DEB1B9F3-6FC9-4185-8DAA-4FCA15B46F83}.Release|x86.Build.0 = Release|Any CPU
		{2E4F6F47-C3AC-4650-936A-09E675B9B3B3}.Debug|Any CPU.ActiveCfg = Debug|Any CPU
		{2E4F6F47-C3AC-4650-936A-09E675B9B3B3}.Debug|Any CPU.Build.0 = Debug|Any CPU
		{2E4F6F47-C3AC-4650-936A-09E675B9B3B3}.Debug|x86.ActiveCfg = Debug|Any CPU
		{2E4F6F47-C3AC-4650-936A-09E675B9B3B3}.Debug|x86.Build.0 = Debug|Any CPU
		{2E4F6F47-C3AC-4650-936A-09E675B9B3B3}.Release|Any CPU.ActiveCfg = Release|Any CPU
		{2E4F6F47-C3AC-4650-936A-09E675B9B3B3}.Release|Any CPU.Build.0 = Release|Any CPU
		{2E4F6F47-C3AC-4650-936A-09E675B9B3B3}.Release|x86.ActiveCfg = Release|Any CPU
		{2E4F6F47-C3AC-4650-936A-09E675B9B3B3}.Release|x86.Build.0 = Release|Any CPU
		{AFE32BF4-E669-4E3F-8363-1D32BEB158F6}.Debug|Any CPU.ActiveCfg = Debug|Any CPU
		{AFE32BF4-E669-4E3F-8363-1D32BEB158F6}.Debug|Any CPU.Build.0 = Debug|Any CPU
		{AFE32BF4-E669-4E3F-8363-1D32BEB158F6}.Debug|x86.ActiveCfg = Debug|Any CPU
		{AFE32BF4-E669-4E3F-8363-1D32BEB158F6}.Debug|x86.Build.0 = Debug|Any CPU
		{AFE32BF4-E669-4E3F-8363-1D32BEB158F6}.Release|Any CPU.ActiveCfg = Release|Any CPU
		{AFE32BF4-E669-4E3F-8363-1D32BEB158F6}.Release|Any CPU.Build.0 = Release|Any CPU
		{AFE32BF4-E669-4E3F-8363-1D32BEB158F6}.Release|x86.ActiveCfg = Release|Any CPU
		{AFE32BF4-E669-4E3F-8363-1D32BEB158F6}.Release|x86.Build.0 = Release|Any CPU
		{D0EFC813-C836-4167-A120-2DE785E140A1}.Debug|Any CPU.ActiveCfg = Debug|Any CPU
		{D0EFC813-C836-4167-A120-2DE785E140A1}.Debug|Any CPU.Build.0 = Debug|Any CPU
		{D0EFC813-C836-4167-A120-2DE785E140A1}.Debug|x86.ActiveCfg = Debug|Any CPU
		{D0EFC813-C836-4167-A120-2DE785E140A1}.Debug|x86.Build.0 = Debug|Any CPU
		{D0EFC813-C836-4167-A120-2DE785E140A1}.Release|Any CPU.ActiveCfg = Release|Any CPU
		{D0EFC813-C836-4167-A120-2DE785E140A1}.Release|Any CPU.Build.0 = Release|Any CPU
		{D0EFC813-C836-4167-A120-2DE785E140A1}.Release|x86.ActiveCfg = Release|Any CPU
		{D0EFC813-C836-4167-A120-2DE785E140A1}.Release|x86.Build.0 = Release|Any CPU
		{E74F843D-39EF-409A-B3FB-341F486A4F97}.Debug|Any CPU.ActiveCfg = Debug|Any CPU
		{E74F843D-39EF-409A-B3FB-341F486A4F97}.Debug|Any CPU.Build.0 = Debug|Any CPU
		{E74F843D-39EF-409A-B3FB-341F486A4F97}.Debug|x86.ActiveCfg = Debug|Any CPU
		{E74F843D-39EF-409A-B3FB-341F486A4F97}.Debug|x86.Build.0 = Debug|Any CPU
		{E74F843D-39EF-409A-B3FB-341F486A4F97}.Release|Any CPU.ActiveCfg = Release|Any CPU
		{E74F843D-39EF-409A-B3FB-341F486A4F97}.Release|Any CPU.Build.0 = Release|Any CPU
		{E74F843D-39EF-409A-B3FB-341F486A4F97}.Release|x86.ActiveCfg = Release|Any CPU
		{E74F843D-39EF-409A-B3FB-341F486A4F97}.Release|x86.Build.0 = Release|Any CPU
		{7DC1512C-5C82-434B-9675-12AD94B74C56}.Debug|Any CPU.ActiveCfg = Debug|Any CPU
		{7DC1512C-5C82-434B-9675-12AD94B74C56}.Debug|Any CPU.Build.0 = Debug|Any CPU
		{7DC1512C-5C82-434B-9675-12AD94B74C56}.Debug|x86.ActiveCfg = Debug|Any CPU
		{7DC1512C-5C82-434B-9675-12AD94B74C56}.Debug|x86.Build.0 = Debug|Any CPU
		{7DC1512C-5C82-434B-9675-12AD94B74C56}.Release|Any CPU.ActiveCfg = Release|Any CPU
		{7DC1512C-5C82-434B-9675-12AD94B74C56}.Release|Any CPU.Build.0 = Release|Any CPU
		{7DC1512C-5C82-434B-9675-12AD94B74C56}.Release|x86.ActiveCfg = Release|Any CPU
		{7DC1512C-5C82-434B-9675-12AD94B74C56}.Release|x86.Build.0 = Release|Any CPU
		{A850A236-0216-4B31-879A-33556B952336}.Debug|Any CPU.ActiveCfg = Debug|Any CPU
		{A850A236-0216-4B31-879A-33556B952336}.Debug|Any CPU.Build.0 = Debug|Any CPU
		{A850A236-0216-4B31-879A-33556B952336}.Debug|x86.ActiveCfg = Debug|x86
		{A850A236-0216-4B31-879A-33556B952336}.Debug|x86.Build.0 = Debug|x86
		{A850A236-0216-4B31-879A-33556B952336}.Release|Any CPU.ActiveCfg = Release|Any CPU
		{A850A236-0216-4B31-879A-33556B952336}.Release|Any CPU.Build.0 = Release|Any CPU
		{A850A236-0216-4B31-879A-33556B952336}.Release|x86.ActiveCfg = Release|Any CPU
		{A850A236-0216-4B31-879A-33556B952336}.Release|x86.Build.0 = Release|Any CPU
		{80987402-3D46-444E-8290-505B10D6BB14}.Debug|Any CPU.ActiveCfg = Debug|x86
		{80987402-3D46-444E-8290-505B10D6BB14}.Debug|x86.ActiveCfg = Debug|x86
		{80987402-3D46-444E-8290-505B10D6BB14}.Debug|x86.Build.0 = Debug|x86
		{80987402-3D46-444E-8290-505B10D6BB14}.Release|Any CPU.ActiveCfg = Release|x86
		{80987402-3D46-444E-8290-505B10D6BB14}.Release|x86.ActiveCfg = Release|x86
		{80987402-3D46-444E-8290-505B10D6BB14}.Release|x86.Build.0 = Release|x86
		{CC048B24-8130-4194-ADB4-8983E18ACFF2}.Debug|Any CPU.ActiveCfg = Debug|Any CPU
		{CC048B24-8130-4194-ADB4-8983E18ACFF2}.Debug|Any CPU.Build.0 = Debug|Any CPU
		{CC048B24-8130-4194-ADB4-8983E18ACFF2}.Debug|x86.ActiveCfg = Debug|x86
		{CC048B24-8130-4194-ADB4-8983E18ACFF2}.Debug|x86.Build.0 = Debug|x86
		{CC048B24-8130-4194-ADB4-8983E18ACFF2}.Release|Any CPU.ActiveCfg = Release|Any CPU
		{CC048B24-8130-4194-ADB4-8983E18ACFF2}.Release|Any CPU.Build.0 = Release|Any CPU
		{CC048B24-8130-4194-ADB4-8983E18ACFF2}.Release|x86.ActiveCfg = Release|x86
		{CC048B24-8130-4194-ADB4-8983E18ACFF2}.Release|x86.Build.0 = Release|x86
		{AF1C50CD-8868-4155-B4CF-EE37824A63C0}.Debug|Any CPU.ActiveCfg = Debug|Any CPU
		{AF1C50CD-8868-4155-B4CF-EE37824A63C0}.Debug|Any CPU.Build.0 = Debug|Any CPU
		{AF1C50CD-8868-4155-B4CF-EE37824A63C0}.Debug|x86.ActiveCfg = Debug|x86
		{AF1C50CD-8868-4155-B4CF-EE37824A63C0}.Debug|x86.Build.0 = Debug|x86
		{AF1C50CD-8868-4155-B4CF-EE37824A63C0}.Release|Any CPU.ActiveCfg = Release|Any CPU
		{AF1C50CD-8868-4155-B4CF-EE37824A63C0}.Release|Any CPU.Build.0 = Release|Any CPU
		{AF1C50CD-8868-4155-B4CF-EE37824A63C0}.Release|x86.ActiveCfg = Release|Any CPU
		{AF1C50CD-8868-4155-B4CF-EE37824A63C0}.Release|x86.Build.0 = Release|Any CPU
		{4DFC5BF7-DCF5-4C69-B0C2-1E760FCFBEC4}.Debug|Any CPU.ActiveCfg = Debug|Any CPU
		{4DFC5BF7-DCF5-4C69-B0C2-1E760FCFBEC4}.Debug|Any CPU.Build.0 = Debug|Any CPU
		{4DFC5BF7-DCF5-4C69-B0C2-1E760FCFBEC4}.Debug|x86.ActiveCfg = Debug|Any CPU
		{4DFC5BF7-DCF5-4C69-B0C2-1E760FCFBEC4}.Debug|x86.Build.0 = Debug|Any CPU
		{4DFC5BF7-DCF5-4C69-B0C2-1E760FCFBEC4}.Release|Any CPU.ActiveCfg = Release|Any CPU
		{4DFC5BF7-DCF5-4C69-B0C2-1E760FCFBEC4}.Release|Any CPU.Build.0 = Release|Any CPU
		{4DFC5BF7-DCF5-4C69-B0C2-1E760FCFBEC4}.Release|x86.ActiveCfg = Release|Any CPU
		{4DFC5BF7-DCF5-4C69-B0C2-1E760FCFBEC4}.Release|x86.Build.0 = Release|Any CPU
		{148EF9FB-1414-461C-96AF-1299AFC5E5A4}.Debug|Any CPU.ActiveCfg = Debug|Any CPU
		{148EF9FB-1414-461C-96AF-1299AFC5E5A4}.Debug|Any CPU.Build.0 = Debug|Any CPU
		{148EF9FB-1414-461C-96AF-1299AFC5E5A4}.Debug|x86.ActiveCfg = Debug|x86
		{148EF9FB-1414-461C-96AF-1299AFC5E5A4}.Debug|x86.Build.0 = Debug|x86
		{148EF9FB-1414-461C-96AF-1299AFC5E5A4}.Release|Any CPU.ActiveCfg = Release|Any CPU
		{148EF9FB-1414-461C-96AF-1299AFC5E5A4}.Release|Any CPU.Build.0 = Release|Any CPU
		{148EF9FB-1414-461C-96AF-1299AFC5E5A4}.Release|x86.ActiveCfg = Release|Any CPU
		{148EF9FB-1414-461C-96AF-1299AFC5E5A4}.Release|x86.Build.0 = Release|Any CPU
		{5C2250D7-7623-414A-B68A-4754F311DF7D}.Debug|Any CPU.ActiveCfg = Debug|Any CPU
		{5C2250D7-7623-414A-B68A-4754F311DF7D}.Debug|Any CPU.Build.0 = Debug|Any CPU
		{5C2250D7-7623-414A-B68A-4754F311DF7D}.Debug|x86.ActiveCfg = Debug|Any CPU
		{5C2250D7-7623-414A-B68A-4754F311DF7D}.Debug|x86.Build.0 = Debug|Any CPU
		{5C2250D7-7623-414A-B68A-4754F311DF7D}.Release|Any CPU.ActiveCfg = Release|Any CPU
		{5C2250D7-7623-414A-B68A-4754F311DF7D}.Release|Any CPU.Build.0 = Release|Any CPU
		{5C2250D7-7623-414A-B68A-4754F311DF7D}.Release|x86.ActiveCfg = Release|Any CPU
		{5C2250D7-7623-414A-B68A-4754F311DF7D}.Release|x86.Build.0 = Release|Any CPU
		{01051E5D-11FC-493E-BEC0-D76A60DCC76B}.Debug|Any CPU.ActiveCfg = Debug|Any CPU
		{01051E5D-11FC-493E-BEC0-D76A60DCC76B}.Debug|Any CPU.Build.0 = Debug|Any CPU
		{01051E5D-11FC-493E-BEC0-D76A60DCC76B}.Debug|x86.ActiveCfg = Debug|x86
		{01051E5D-11FC-493E-BEC0-D76A60DCC76B}.Debug|x86.Build.0 = Debug|x86
		{01051E5D-11FC-493E-BEC0-D76A60DCC76B}.Release|Any CPU.ActiveCfg = Release|Any CPU
		{01051E5D-11FC-493E-BEC0-D76A60DCC76B}.Release|Any CPU.Build.0 = Release|Any CPU
		{01051E5D-11FC-493E-BEC0-D76A60DCC76B}.Release|x86.ActiveCfg = Release|Any CPU
		{01051E5D-11FC-493E-BEC0-D76A60DCC76B}.Release|x86.Build.0 = Release|Any CPU
		{2FD110FE-F936-4768-AE66-55EC7A60989A}.Debug|Any CPU.ActiveCfg = Debug|Any CPU
		{2FD110FE-F936-4768-AE66-55EC7A60989A}.Debug|Any CPU.Build.0 = Debug|Any CPU
		{2FD110FE-F936-4768-AE66-55EC7A60989A}.Debug|x86.ActiveCfg = Debug|Any CPU
		{2FD110FE-F936-4768-AE66-55EC7A60989A}.Debug|x86.Build.0 = Debug|Any CPU
		{2FD110FE-F936-4768-AE66-55EC7A60989A}.Release|Any CPU.ActiveCfg = Release|Any CPU
		{2FD110FE-F936-4768-AE66-55EC7A60989A}.Release|Any CPU.Build.0 = Release|Any CPU
		{2FD110FE-F936-4768-AE66-55EC7A60989A}.Release|x86.ActiveCfg = Release|Any CPU
		{2FD110FE-F936-4768-AE66-55EC7A60989A}.Release|x86.Build.0 = Release|Any CPU
		{27A6E49E-F769-4709-8B43-FF60B8A882BE}.Debug|Any CPU.ActiveCfg = Debug|Any CPU
		{27A6E49E-F769-4709-8B43-FF60B8A882BE}.Debug|Any CPU.Build.0 = Debug|Any CPU
		{27A6E49E-F769-4709-8B43-FF60B8A882BE}.Debug|x86.ActiveCfg = Debug|Any CPU
		{27A6E49E-F769-4709-8B43-FF60B8A882BE}.Debug|x86.Build.0 = Debug|Any CPU
		{27A6E49E-F769-4709-8B43-FF60B8A882BE}.Release|Any CPU.ActiveCfg = Release|Any CPU
		{27A6E49E-F769-4709-8B43-FF60B8A882BE}.Release|Any CPU.Build.0 = Release|Any CPU
		{27A6E49E-F769-4709-8B43-FF60B8A882BE}.Release|x86.ActiveCfg = Release|Any CPU
		{27A6E49E-F769-4709-8B43-FF60B8A882BE}.Release|x86.Build.0 = Release|Any CPU
		{8611E15B-4EFB-4A2C-B7A9-F88AEA9720A0}.Debug|Any CPU.ActiveCfg = Debug|Any CPU
		{8611E15B-4EFB-4A2C-B7A9-F88AEA9720A0}.Debug|Any CPU.Build.0 = Debug|Any CPU
		{8611E15B-4EFB-4A2C-B7A9-F88AEA9720A0}.Debug|x86.ActiveCfg = Debug|x86
		{8611E15B-4EFB-4A2C-B7A9-F88AEA9720A0}.Debug|x86.Build.0 = Debug|x86
		{8611E15B-4EFB-4A2C-B7A9-F88AEA9720A0}.Release|Any CPU.ActiveCfg = Release|Any CPU
		{8611E15B-4EFB-4A2C-B7A9-F88AEA9720A0}.Release|Any CPU.Build.0 = Release|Any CPU
		{8611E15B-4EFB-4A2C-B7A9-F88AEA9720A0}.Release|x86.ActiveCfg = Release|Any CPU
		{8611E15B-4EFB-4A2C-B7A9-F88AEA9720A0}.Release|x86.Build.0 = Release|Any CPU
		{26DCC539-E67F-4CB5-970F-F02C1F5C6E00}.Debug|Any CPU.ActiveCfg = Debug|Any CPU
		{26DCC539-E67F-4CB5-970F-F02C1F5C6E00}.Debug|Any CPU.Build.0 = Debug|Any CPU
		{26DCC539-E67F-4CB5-970F-F02C1F5C6E00}.Debug|x86.ActiveCfg = Debug|x86
		{26DCC539-E67F-4CB5-970F-F02C1F5C6E00}.Debug|x86.Build.0 = Debug|x86
		{26DCC539-E67F-4CB5-970F-F02C1F5C6E00}.Release|Any CPU.ActiveCfg = Release|Any CPU
		{26DCC539-E67F-4CB5-970F-F02C1F5C6E00}.Release|Any CPU.Build.0 = Release|Any CPU
		{26DCC539-E67F-4CB5-970F-F02C1F5C6E00}.Release|x86.ActiveCfg = Release|x86
		{26DCC539-E67F-4CB5-970F-F02C1F5C6E00}.Release|x86.Build.0 = Release|x86
		{DF38BFD7-C6B8-4CF7-942F-378548ED76B6}.Debug|Any CPU.ActiveCfg = Debug|Any CPU
		{DF38BFD7-C6B8-4CF7-942F-378548ED76B6}.Debug|Any CPU.Build.0 = Debug|Any CPU
		{DF38BFD7-C6B8-4CF7-942F-378548ED76B6}.Debug|x86.ActiveCfg = Debug|x86
		{DF38BFD7-C6B8-4CF7-942F-378548ED76B6}.Debug|x86.Build.0 = Debug|x86
		{DF38BFD7-C6B8-4CF7-942F-378548ED76B6}.Release|Any CPU.ActiveCfg = Release|Any CPU
		{DF38BFD7-C6B8-4CF7-942F-378548ED76B6}.Release|Any CPU.Build.0 = Release|Any CPU
		{DF38BFD7-C6B8-4CF7-942F-378548ED76B6}.Release|x86.ActiveCfg = Release|x86
		{DF38BFD7-C6B8-4CF7-942F-378548ED76B6}.Release|x86.Build.0 = Release|x86
		{F15B7D48-7F9C-406A-825C-B47BB9A5BF4B}.Debug|Any CPU.ActiveCfg = Debug|x86
		{F15B7D48-7F9C-406A-825C-B47BB9A5BF4B}.Debug|x86.ActiveCfg = Debug|x86
		{F15B7D48-7F9C-406A-825C-B47BB9A5BF4B}.Debug|x86.Build.0 = Debug|x86
		{F15B7D48-7F9C-406A-825C-B47BB9A5BF4B}.Release|Any CPU.ActiveCfg = Release|x86
		{F15B7D48-7F9C-406A-825C-B47BB9A5BF4B}.Release|x86.ActiveCfg = Release|x86
		{F15B7D48-7F9C-406A-825C-B47BB9A5BF4B}.Release|x86.Build.0 = Release|x86
		{CAA480E1-7AB2-4DA9-980F-6F935AB7FA69}.Debug|Any CPU.ActiveCfg = Debug|x86
		{CAA480E1-7AB2-4DA9-980F-6F935AB7FA69}.Debug|x86.ActiveCfg = Debug|x86
		{CAA480E1-7AB2-4DA9-980F-6F935AB7FA69}.Debug|x86.Build.0 = Debug|x86
		{CAA480E1-7AB2-4DA9-980F-6F935AB7FA69}.Release|Any CPU.ActiveCfg = Release|x86
		{CAA480E1-7AB2-4DA9-980F-6F935AB7FA69}.Release|x86.ActiveCfg = Release|x86
		{CAA480E1-7AB2-4DA9-980F-6F935AB7FA69}.Release|x86.Build.0 = Release|x86
		{DD58A297-6C39-4F47-B3FE-F04B307420FA}.Debug|Any CPU.ActiveCfg = Debug|Any CPU
		{DD58A297-6C39-4F47-B3FE-F04B307420FA}.Debug|Any CPU.Build.0 = Debug|Any CPU
		{DD58A297-6C39-4F47-B3FE-F04B307420FA}.Debug|x86.ActiveCfg = Debug|x86
		{DD58A297-6C39-4F47-B3FE-F04B307420FA}.Debug|x86.Build.0 = Debug|x86
		{DD58A297-6C39-4F47-B3FE-F04B307420FA}.Release|Any CPU.ActiveCfg = Release|Any CPU
		{DD58A297-6C39-4F47-B3FE-F04B307420FA}.Release|Any CPU.Build.0 = Release|Any CPU
		{DD58A297-6C39-4F47-B3FE-F04B307420FA}.Release|x86.ActiveCfg = Release|Any CPU
		{DD58A297-6C39-4F47-B3FE-F04B307420FA}.Release|x86.Build.0 = Release|Any CPU
		{AEDEC1D7-8C49-4A54-B265-F595CFD89247}.Debug|Any CPU.ActiveCfg = Debug|x86
		{AEDEC1D7-8C49-4A54-B265-F595CFD89247}.Debug|x86.ActiveCfg = Debug|x86
		{AEDEC1D7-8C49-4A54-B265-F595CFD89247}.Debug|x86.Build.0 = Debug|x86
		{AEDEC1D7-8C49-4A54-B265-F595CFD89247}.Release|Any CPU.ActiveCfg = Release|x86
		{AEDEC1D7-8C49-4A54-B265-F595CFD89247}.Release|x86.ActiveCfg = Release|x86
		{AEDEC1D7-8C49-4A54-B265-F595CFD89247}.Release|x86.Build.0 = Release|x86
		{445DC787-06EC-4407-892F-0955ADD5C2D7}.Debug|Any CPU.ActiveCfg = Debug|Any CPU
		{445DC787-06EC-4407-892F-0955ADD5C2D7}.Debug|Any CPU.Build.0 = Debug|Any CPU
		{445DC787-06EC-4407-892F-0955ADD5C2D7}.Debug|x86.ActiveCfg = Debug|Any CPU
		{445DC787-06EC-4407-892F-0955ADD5C2D7}.Debug|x86.Build.0 = Debug|Any CPU
		{445DC787-06EC-4407-892F-0955ADD5C2D7}.Release|Any CPU.ActiveCfg = Release|Any CPU
		{445DC787-06EC-4407-892F-0955ADD5C2D7}.Release|Any CPU.Build.0 = Release|Any CPU
		{445DC787-06EC-4407-892F-0955ADD5C2D7}.Release|x86.ActiveCfg = Release|Any CPU
		{445DC787-06EC-4407-892F-0955ADD5C2D7}.Release|x86.Build.0 = Release|Any CPU
		{9C73C47E-64C2-4691-A602-A8463185E232}.Debug|Any CPU.ActiveCfg = Debug|x86
		{9C73C47E-64C2-4691-A602-A8463185E232}.Debug|x86.ActiveCfg = Debug|x86
		{9C73C47E-64C2-4691-A602-A8463185E232}.Debug|x86.Build.0 = Debug|x86
		{9C73C47E-64C2-4691-A602-A8463185E232}.Release|Any CPU.ActiveCfg = Release|x86
		{9C73C47E-64C2-4691-A602-A8463185E232}.Release|x86.ActiveCfg = Release|x86
		{9C73C47E-64C2-4691-A602-A8463185E232}.Release|x86.Build.0 = Release|x86
		{256026D4-A05D-438C-BD11-2D3FBADB2B4C}.Debug|Any CPU.ActiveCfg = Debug|Any CPU
		{256026D4-A05D-438C-BD11-2D3FBADB2B4C}.Debug|Any CPU.Build.0 = Debug|Any CPU
		{256026D4-A05D-438C-BD11-2D3FBADB2B4C}.Debug|x86.ActiveCfg = Debug|x86
		{256026D4-A05D-438C-BD11-2D3FBADB2B4C}.Debug|x86.Build.0 = Debug|x86
		{256026D4-A05D-438C-BD11-2D3FBADB2B4C}.Release|Any CPU.ActiveCfg = Release|Any CPU
		{256026D4-A05D-438C-BD11-2D3FBADB2B4C}.Release|Any CPU.Build.0 = Release|Any CPU
		{256026D4-A05D-438C-BD11-2D3FBADB2B4C}.Release|x86.ActiveCfg = Release|Any CPU
		{256026D4-A05D-438C-BD11-2D3FBADB2B4C}.Release|x86.Build.0 = Release|Any CPU
		{75BE5285-6C7C-48FD-A88A-DF1F51B4E955}.Debug|Any CPU.ActiveCfg = Debug|Any CPU
		{75BE5285-6C7C-48FD-A88A-DF1F51B4E955}.Debug|Any CPU.Build.0 = Debug|Any CPU
		{75BE5285-6C7C-48FD-A88A-DF1F51B4E955}.Debug|x86.ActiveCfg = Debug|Any CPU
		{75BE5285-6C7C-48FD-A88A-DF1F51B4E955}.Debug|x86.Build.0 = Debug|Any CPU
		{75BE5285-6C7C-48FD-A88A-DF1F51B4E955}.Release|Any CPU.ActiveCfg = Release|Any CPU
		{75BE5285-6C7C-48FD-A88A-DF1F51B4E955}.Release|Any CPU.Build.0 = Release|Any CPU
		{75BE5285-6C7C-48FD-A88A-DF1F51B4E955}.Release|x86.ActiveCfg = Release|Any CPU
		{75BE5285-6C7C-48FD-A88A-DF1F51B4E955}.Release|x86.Build.0 = Release|Any CPU
		{F96A8CCA-8F8A-497F-BAB1-8A93B4B174ED}.Debug|Any CPU.ActiveCfg = Debug|Any CPU
		{F96A8CCA-8F8A-497F-BAB1-8A93B4B174ED}.Debug|Any CPU.Build.0 = Debug|Any CPU
		{F96A8CCA-8F8A-497F-BAB1-8A93B4B174ED}.Debug|x86.ActiveCfg = Debug|Any CPU
		{F96A8CCA-8F8A-497F-BAB1-8A93B4B174ED}.Debug|x86.Build.0 = Debug|Any CPU
		{F96A8CCA-8F8A-497F-BAB1-8A93B4B174ED}.Release|Any CPU.ActiveCfg = Release|Any CPU
		{F96A8CCA-8F8A-497F-BAB1-8A93B4B174ED}.Release|Any CPU.Build.0 = Release|Any CPU
		{F96A8CCA-8F8A-497F-BAB1-8A93B4B174ED}.Release|x86.ActiveCfg = Release|Any CPU
		{F96A8CCA-8F8A-497F-BAB1-8A93B4B174ED}.Release|x86.Build.0 = Release|Any CPU
		{2351B5C1-6E28-4B79-A1D9-90FDA53B5417}.Debug|Any CPU.ActiveCfg = Debug|Any CPU
		{2351B5C1-6E28-4B79-A1D9-90FDA53B5417}.Debug|Any CPU.Build.0 = Debug|Any CPU
		{2351B5C1-6E28-4B79-A1D9-90FDA53B5417}.Debug|x86.ActiveCfg = Debug|Any CPU
		{2351B5C1-6E28-4B79-A1D9-90FDA53B5417}.Debug|x86.Build.0 = Debug|Any CPU
		{2351B5C1-6E28-4B79-A1D9-90FDA53B5417}.Release|Any CPU.ActiveCfg = Release|Any CPU
		{2351B5C1-6E28-4B79-A1D9-90FDA53B5417}.Release|Any CPU.Build.0 = Release|Any CPU
		{2351B5C1-6E28-4B79-A1D9-90FDA53B5417}.Release|x86.ActiveCfg = Release|Any CPU
		{2351B5C1-6E28-4B79-A1D9-90FDA53B5417}.Release|x86.Build.0 = Release|Any CPU
		{AD86AABC-0F57-4FCD-A3D9-B124C7B18A44}.Debug|Any CPU.ActiveCfg = Debug|Any CPU
		{AD86AABC-0F57-4FCD-A3D9-B124C7B18A44}.Debug|Any CPU.Build.0 = Debug|Any CPU
		{AD86AABC-0F57-4FCD-A3D9-B124C7B18A44}.Debug|x86.ActiveCfg = Debug|Any CPU
		{AD86AABC-0F57-4FCD-A3D9-B124C7B18A44}.Debug|x86.Build.0 = Debug|Any CPU
		{AD86AABC-0F57-4FCD-A3D9-B124C7B18A44}.Release|Any CPU.ActiveCfg = Release|Any CPU
		{AD86AABC-0F57-4FCD-A3D9-B124C7B18A44}.Release|Any CPU.Build.0 = Release|Any CPU
		{AD86AABC-0F57-4FCD-A3D9-B124C7B18A44}.Release|x86.ActiveCfg = Release|Any CPU
		{AD86AABC-0F57-4FCD-A3D9-B124C7B18A44}.Release|x86.Build.0 = Release|Any CPU
		{108638B7-D926-4311-9249-651A1CCAA742}.Debug|Any CPU.ActiveCfg = Debug|Any CPU
		{108638B7-D926-4311-9249-651A1CCAA742}.Debug|Any CPU.Build.0 = Debug|Any CPU
		{108638B7-D926-4311-9249-651A1CCAA742}.Debug|x86.ActiveCfg = Debug|Any CPU
		{108638B7-D926-4311-9249-651A1CCAA742}.Debug|x86.Build.0 = Debug|Any CPU
		{108638B7-D926-4311-9249-651A1CCAA742}.Release|Any CPU.ActiveCfg = Release|Any CPU
		{108638B7-D926-4311-9249-651A1CCAA742}.Release|Any CPU.Build.0 = Release|Any CPU
		{108638B7-D926-4311-9249-651A1CCAA742}.Release|x86.ActiveCfg = Release|Any CPU
		{108638B7-D926-4311-9249-651A1CCAA742}.Release|x86.Build.0 = Release|Any CPU
		{16D306FD-8158-41AD-9ADB-765F8F6D3A3B}.Debug|Any CPU.ActiveCfg = Debug|Any CPU
		{16D306FD-8158-41AD-9ADB-765F8F6D3A3B}.Debug|Any CPU.Build.0 = Debug|Any CPU
		{16D306FD-8158-41AD-9ADB-765F8F6D3A3B}.Debug|x86.ActiveCfg = Debug|Any CPU
		{16D306FD-8158-41AD-9ADB-765F8F6D3A3B}.Debug|x86.Build.0 = Debug|Any CPU
		{16D306FD-8158-41AD-9ADB-765F8F6D3A3B}.Release|Any CPU.ActiveCfg = Release|Any CPU
		{16D306FD-8158-41AD-9ADB-765F8F6D3A3B}.Release|Any CPU.Build.0 = Release|Any CPU
		{16D306FD-8158-41AD-9ADB-765F8F6D3A3B}.Release|x86.ActiveCfg = Release|Any CPU
		{16D306FD-8158-41AD-9ADB-765F8F6D3A3B}.Release|x86.Build.0 = Release|Any CPU
		{06BF876E-7083-4CC3-A117-23B2C577CE26}.Debug|Any CPU.ActiveCfg = Debug|Any CPU
		{06BF876E-7083-4CC3-A117-23B2C577CE26}.Debug|Any CPU.Build.0 = Debug|Any CPU
		{06BF876E-7083-4CC3-A117-23B2C577CE26}.Debug|x86.ActiveCfg = Debug|Any CPU
		{06BF876E-7083-4CC3-A117-23B2C577CE26}.Debug|x86.Build.0 = Debug|Any CPU
		{06BF876E-7083-4CC3-A117-23B2C577CE26}.Release|Any CPU.ActiveCfg = Release|Any CPU
		{06BF876E-7083-4CC3-A117-23B2C577CE26}.Release|Any CPU.Build.0 = Release|Any CPU
		{06BF876E-7083-4CC3-A117-23B2C577CE26}.Release|x86.ActiveCfg = Release|Any CPU
		{06BF876E-7083-4CC3-A117-23B2C577CE26}.Release|x86.Build.0 = Release|Any CPU
	EndGlobalSection
	GlobalSection(SolutionProperties) = preSolution
		HideSolutionNode = FALSE
	EndGlobalSection
	GlobalSection(NestedProjects) = preSolution
		{62DDB6BD-36D1-42C1-BA38-6C7550EA366E} = {214A3A6E-C961-405E-8F5E-96314B672CF2}
		{EF71DAD8-1951-4E2D-8B02-4896F0164539} = {799A52BB-1932-4CAB-B4DD-B3F3146756E3}
		{0A13CBC8-ECD4-4B9F-961E-E6462F7D2DC0} = {EF71DAD8-1951-4E2D-8B02-4896F0164539}
		{D43257A7-488F-471A-83D1-BD5F9FD0E8DE} = {EF71DAD8-1951-4E2D-8B02-4896F0164539}
		{DB0E5B51-2960-4869-899D-5E0C65A697A6} = {FBE3E4C8-611E-435D-B47C-FE006AAA8C4A}
		{DDA8593D-EF57-47BE-8165-4BD80C51E5D5} = {799A52BB-1932-4CAB-B4DD-B3F3146756E3}
		{2E4F6F47-C3AC-4650-936A-09E675B9B3B3} = {DDA8593D-EF57-47BE-8165-4BD80C51E5D5}
		{AFE32BF4-E669-4E3F-8363-1D32BEB158F6} = {FBE3E4C8-611E-435D-B47C-FE006AAA8C4A}
		{EDD5E5EF-5115-42FF-8C8B-F664A08FC52B} = {799A52BB-1932-4CAB-B4DD-B3F3146756E3}
		{AD72E6CE-B2C2-46B0-8B3D-4E7318EABA92} = {799A52BB-1932-4CAB-B4DD-B3F3146756E3}
		{D0EFC813-C836-4167-A120-2DE785E140A1} = {AD72E6CE-B2C2-46B0-8B3D-4E7318EABA92}
		{58C28E49-CFD2-4D97-BA44-BCCDF957D8E6} = {799A52BB-1932-4CAB-B4DD-B3F3146756E3}
		{E74F843D-39EF-409A-B3FB-341F486A4F97} = {58C28E49-CFD2-4D97-BA44-BCCDF957D8E6}
		{7C946C4C-9764-4815-B532-4C15EECAB1E8} = {799A52BB-1932-4CAB-B4DD-B3F3146756E3}
		{7DC1512C-5C82-434B-9675-12AD94B74C56} = {7C946C4C-9764-4815-B532-4C15EECAB1E8}
		{A850A236-0216-4B31-879A-33556B952336} = {DDA8593D-EF57-47BE-8165-4BD80C51E5D5}
		{80987402-3D46-444E-8290-505B10D6BB14} = {58C28E49-CFD2-4D97-BA44-BCCDF957D8E6}
		{CC048B24-8130-4194-ADB4-8983E18ACFF2} = {AD72E6CE-B2C2-46B0-8B3D-4E7318EABA92}
		{AF1C50CD-8868-4155-B4CF-EE37824A63C0} = {7C946C4C-9764-4815-B532-4C15EECAB1E8}
		{6B4C18DC-E8C5-421D-8C4E-41EFDD2827AC} = {799A52BB-1932-4CAB-B4DD-B3F3146756E3}
		{4DFC5BF7-DCF5-4C69-B0C2-1E760FCFBEC4} = {6B4C18DC-E8C5-421D-8C4E-41EFDD2827AC}
		{148EF9FB-1414-461C-96AF-1299AFC5E5A4} = {6B4C18DC-E8C5-421D-8C4E-41EFDD2827AC}
		{1EB514C1-C5F5-4692-BDE5-74EF959F39B8} = {799A52BB-1932-4CAB-B4DD-B3F3146756E3}
		{5C2250D7-7623-414A-B68A-4754F311DF7D} = {1EB514C1-C5F5-4692-BDE5-74EF959F39B8}
		{01051E5D-11FC-493E-BEC0-D76A60DCC76B} = {1EB514C1-C5F5-4692-BDE5-74EF959F39B8}
		{A55A55BB-F795-41BC-8A58-D683F3EFAAEB} = {799A52BB-1932-4CAB-B4DD-B3F3146756E3}
		{2FD110FE-F936-4768-AE66-55EC7A60989A} = {A55A55BB-F795-41BC-8A58-D683F3EFAAEB}
		{A0395075-9ABE-40FD-94FB-F5C8541D08C4} = {799A52BB-1932-4CAB-B4DD-B3F3146756E3}
		{27A6E49E-F769-4709-8B43-FF60B8A882BE} = {A0395075-9ABE-40FD-94FB-F5C8541D08C4}
		{8611E15B-4EFB-4A2C-B7A9-F88AEA9720A0} = {A0395075-9ABE-40FD-94FB-F5C8541D08C4}
		{F15B7D48-7F9C-406A-825C-B47BB9A5BF4B} = {FBE3E4C8-611E-435D-B47C-FE006AAA8C4A}
		{CAA480E1-7AB2-4DA9-980F-6F935AB7FA69} = {FBE3E4C8-611E-435D-B47C-FE006AAA8C4A}
		{DD58A297-6C39-4F47-B3FE-F04B307420FA} = {A55A55BB-F795-41BC-8A58-D683F3EFAAEB}
		{AEDEC1D7-8C49-4A54-B265-F595CFD89247} = {FBE3E4C8-611E-435D-B47C-FE006AAA8C4A}
		{445DC787-06EC-4407-892F-0955ADD5C2D7} = {214A3A6E-C961-405E-8F5E-96314B672CF2}
		{9C73C47E-64C2-4691-A602-A8463185E232} = {214A3A6E-C961-405E-8F5E-96314B672CF2}
		{256026D4-A05D-438C-BD11-2D3FBADB2B4C} = {FBE3E4C8-611E-435D-B47C-FE006AAA8C4A}
		{827FB2CD-DE81-49FD-88D5-A92A70D8B599} = {799A52BB-1932-4CAB-B4DD-B3F3146756E3}
		{75BE5285-6C7C-48FD-A88A-DF1F51B4E955} = {827FB2CD-DE81-49FD-88D5-A92A70D8B599}
		{F96A8CCA-8F8A-497F-BAB1-8A93B4B174ED} = {827FB2CD-DE81-49FD-88D5-A92A70D8B599}
		{B3153124-6718-4479-8D00-C56B6DB0E767} = {799A52BB-1932-4CAB-B4DD-B3F3146756E3}
		{2351B5C1-6E28-4B79-A1D9-90FDA53B5417} = {B3153124-6718-4479-8D00-C56B6DB0E767}
		{AD86AABC-0F57-4FCD-A3D9-B124C7B18A44} = {B3153124-6718-4479-8D00-C56B6DB0E767}
		{74A19EDC-2256-4F25-8539-781061759B15} = {799A52BB-1932-4CAB-B4DD-B3F3146756E3}
		{108638B7-D926-4311-9249-651A1CCAA742} = {74A19EDC-2256-4F25-8539-781061759B15}
		{16D306FD-8158-41AD-9ADB-765F8F6D3A3B} = {74A19EDC-2256-4F25-8539-781061759B15}
		{B28CD5FD-E691-461F-A985-A65484F9B821} = {799A52BB-1932-4CAB-B4DD-B3F3146756E3}
		{06BF876E-7083-4CC3-A117-23B2C577CE26} = {B28CD5FD-E691-461F-A985-A65484F9B821}
	EndGlobalSection
	GlobalSection(ExtensibilityGlobals) = postSolution
		SolutionGuid = {3300FF38-9F6F-4C0F-87F3-776D6C64846D}
	EndGlobalSection
	GlobalSection(Performance) = preSolution
		HasPerformanceSessions = true
	EndGlobalSection
	GlobalSection(Performance) = preSolution
		HasPerformanceSessions = true
	EndGlobalSection
	GlobalSection(Performance) = preSolution
		HasPerformanceSessions = true
	EndGlobalSection
	GlobalSection(Performance) = preSolution
		HasPerformanceSessions = true
	EndGlobalSection
	GlobalSection(Performance) = preSolution
		HasPerformanceSessions = true
	EndGlobalSection
	GlobalSection(Performance) = preSolution
		HasPerformanceSessions = true
	EndGlobalSection
	GlobalSection(Performance) = preSolution
		HasPerformanceSessions = true
	EndGlobalSection
	GlobalSection(Performance) = preSolution
		HasPerformanceSessions = true
	EndGlobalSection
	GlobalSection(Performance) = preSolution
		HasPerformanceSessions = true
	EndGlobalSection
	GlobalSection(Performance) = preSolution
		HasPerformanceSessions = true
	EndGlobalSection
EndGlobal
