
Microsoft Visual Studio Solution File, Format Version 12.00
# Visual Studio 15
VisualStudioVersion = 15.0.27004.2009
MinimumVisualStudioVersion = 10.0.40219.1
Project("{2150E333-8FDC-42A3-9474-1A3956D46DE8}") = "Tests", "Tests", "{FBE3E4C8-611E-435D-B47C-FE006AAA8C4A}"
EndProject
Project("{FAE04EC0-301F-11D3-BF4B-00C04F79EFBC}") = "PlayniteUI", "PlayniteUI\PlayniteUI.csproj", "{CB026F42-5ACD-4915-A8B5-D3EB0C6AE649}"
EndProject
Project("{FAE04EC0-301F-11D3-BF4B-00C04F79EFBC}") = "Playnite", "Playnite\Playnite.csproj", "{AD271E73-8A13-4C4E-BFDC-3076646B59E3}"
EndProject
Project("{FAE04EC0-301F-11D3-BF4B-00C04F79EFBC}") = "PlayniteTests", "PlayniteTests\PlayniteTests.csproj", "{3BB5A3D4-B998-4D0F-9B7A-B133905AA5C9}"
EndProject
Project("{FAE04EC0-301F-11D3-BF4B-00C04F79EFBC}") = "PlayniteUITests", "PlayniteUITests\PlayniteUITests.csproj", "{59D0C141-64A8-4D86-8156-4BEF8472CB8E}"
EndProject
Global
	GlobalSection(SolutionConfigurationPlatforms) = preSolution
		Debug|Any CPU = Debug|Any CPU
		Debug|x64 = Debug|x64
		Debug|x86 = Debug|x86
		Release|Any CPU = Release|Any CPU
		Release|x64 = Release|x64
		Release|x86 = Release|x86
	EndGlobalSection
	GlobalSection(ProjectConfigurationPlatforms) = postSolution
		{CB026F42-5ACD-4915-A8B5-D3EB0C6AE649}.Debug|Any CPU.ActiveCfg = Debug|x86
		{CB026F42-5ACD-4915-A8B5-D3EB0C6AE649}.Debug|x64.ActiveCfg = Debug|x64
		{CB026F42-5ACD-4915-A8B5-D3EB0C6AE649}.Debug|x64.Build.0 = Debug|x64
		{CB026F42-5ACD-4915-A8B5-D3EB0C6AE649}.Debug|x86.ActiveCfg = Debug|x86
		{CB026F42-5ACD-4915-A8B5-D3EB0C6AE649}.Debug|x86.Build.0 = Debug|x86
		{CB026F42-5ACD-4915-A8B5-D3EB0C6AE649}.Release|Any CPU.ActiveCfg = Release|x86
		{CB026F42-5ACD-4915-A8B5-D3EB0C6AE649}.Release|x64.ActiveCfg = Release|x64
		{CB026F42-5ACD-4915-A8B5-D3EB0C6AE649}.Release|x64.Build.0 = Release|x64
		{CB026F42-5ACD-4915-A8B5-D3EB0C6AE649}.Release|x86.ActiveCfg = Release|x86
		{CB026F42-5ACD-4915-A8B5-D3EB0C6AE649}.Release|x86.Build.0 = Release|x86
		{AD271E73-8A13-4C4E-BFDC-3076646B59E3}.Debug|Any CPU.ActiveCfg = Debug|x86
		{AD271E73-8A13-4C4E-BFDC-3076646B59E3}.Debug|x64.ActiveCfg = Debug|x64
		{AD271E73-8A13-4C4E-BFDC-3076646B59E3}.Debug|x64.Build.0 = Debug|x64
		{AD271E73-8A13-4C4E-BFDC-3076646B59E3}.Debug|x86.ActiveCfg = Debug|x86
		{AD271E73-8A13-4C4E-BFDC-3076646B59E3}.Debug|x86.Build.0 = Debug|x86
		{AD271E73-8A13-4C4E-BFDC-3076646B59E3}.Release|Any CPU.ActiveCfg = Release|x86
		{AD271E73-8A13-4C4E-BFDC-3076646B59E3}.Release|x64.ActiveCfg = Release|x64
		{AD271E73-8A13-4C4E-BFDC-3076646B59E3}.Release|x64.Build.0 = Release|x64
		{AD271E73-8A13-4C4E-BFDC-3076646B59E3}.Release|x86.ActiveCfg = Release|x86
		{AD271E73-8A13-4C4E-BFDC-3076646B59E3}.Release|x86.Build.0 = Release|x86
		{3BB5A3D4-B998-4D0F-9B7A-B133905AA5C9}.Debug|Any CPU.ActiveCfg = Debug|x86
		{3BB5A3D4-B998-4D0F-9B7A-B133905AA5C9}.Debug|x64.ActiveCfg = Debug|x64
		{3BB5A3D4-B998-4D0F-9B7A-B133905AA5C9}.Debug|x64.Build.0 = Debug|x64
		{3BB5A3D4-B998-4D0F-9B7A-B133905AA5C9}.Debug|x86.ActiveCfg = Debug|x86
		{3BB5A3D4-B998-4D0F-9B7A-B133905AA5C9}.Debug|x86.Build.0 = Debug|x86
		{3BB5A3D4-B998-4D0F-9B7A-B133905AA5C9}.Release|Any CPU.ActiveCfg = Release|x86
		{3BB5A3D4-B998-4D0F-9B7A-B133905AA5C9}.Release|x64.ActiveCfg = Release|x64
		{3BB5A3D4-B998-4D0F-9B7A-B133905AA5C9}.Release|x64.Build.0 = Release|x64
		{3BB5A3D4-B998-4D0F-9B7A-B133905AA5C9}.Release|x86.ActiveCfg = Release|x86
		{3BB5A3D4-B998-4D0F-9B7A-B133905AA5C9}.Release|x86.Build.0 = Release|x86
		{59D0C141-64A8-4D86-8156-4BEF8472CB8E}.Debug|Any CPU.ActiveCfg = Debug|x86
		{59D0C141-64A8-4D86-8156-4BEF8472CB8E}.Debug|x64.ActiveCfg = Debug|x64
		{59D0C141-64A8-4D86-8156-4BEF8472CB8E}.Debug|x64.Build.0 = Debug|x64
		{59D0C141-64A8-4D86-8156-4BEF8472CB8E}.Debug|x86.ActiveCfg = Debug|x86
		{59D0C141-64A8-4D86-8156-4BEF8472CB8E}.Debug|x86.Build.0 = Debug|x86
		{59D0C141-64A8-4D86-8156-4BEF8472CB8E}.Release|Any CPU.ActiveCfg = Release|x86
		{59D0C141-64A8-4D86-8156-4BEF8472CB8E}.Release|x64.ActiveCfg = Release|x64
		{59D0C141-64A8-4D86-8156-4BEF8472CB8E}.Release|x64.Build.0 = Release|x64
		{59D0C141-64A8-4D86-8156-4BEF8472CB8E}.Release|x86.ActiveCfg = Release|x86
		{59D0C141-64A8-4D86-8156-4BEF8472CB8E}.Release|x86.Build.0 = Release|x86
	EndGlobalSection
	GlobalSection(SolutionProperties) = preSolution
		HideSolutionNode = FALSE
	EndGlobalSection
	GlobalSection(NestedProjects) = preSolution
		{3BB5A3D4-B998-4D0F-9B7A-B133905AA5C9} = {FBE3E4C8-611E-435D-B47C-FE006AAA8C4A}
		{59D0C141-64A8-4D86-8156-4BEF8472CB8E} = {FBE3E4C8-611E-435D-B47C-FE006AAA8C4A}
	EndGlobalSection
	GlobalSection(ExtensibilityGlobals) = postSolution
		SolutionGuid = {3300FF38-9F6F-4C0F-87F3-776D6C64846D}
	EndGlobalSection
	GlobalSection(Performance) = preSolution
		HasPerformanceSessions = true
	EndGlobalSection
	GlobalSection(Performance) = preSolution
		HasPerformanceSessions = true
	EndGlobalSection
EndGlobal
